<?xml version="1.0" encoding="utf-8"?>
<Project ToolsVersion="4.0" xmlns="http://schemas.microsoft.com/developer/msbuild/2003">
  <ItemGroup>
    <Filter Include="Source Files">
      <UniqueIdentifier>{4FC737F1-C7A5-4376-A066-2A32D752A2FF}</UniqueIdentifier>
      <Extensions>cpp;c;cc;cxx;c++;cppm;ixx;def;odl;idl;hpj;bat;asm;asmx</Extensions>
    </Filter>
    <Filter Include="Header Files">
      <UniqueIdentifier>{93995380-89BD-4b04-88EB-625FBE52EBFB}</UniqueIdentifier>
      <Extensions>h;hh;hpp;hxx;h++;hm;inl;inc;ipp;xsd</Extensions>
    </Filter>
    <Filter Include="Resource Files">
      <UniqueIdentifier>{67DA6AB6-F800-4c08-8B7A-83BB121AAD01}</UniqueIdentifier>
      <Extensions>rc;ico;cur;bmp;dlg;rc2;rct;bin;rgs;gif;jpg;jpeg;jpe;resx;tiff;tif;png;wav;mfcribbon-ms</Extensions>
    </Filter>
  </ItemGroup>
  <ItemGroup>
    <ClCompile Include="Source.cpp">
      <Filter>Source Files</Filter>
    </ClCompile>
    <ClCompile Include="Channels.cpp">
      <Filter>Source Files</Filter>
    </ClCompile>
    <ClCompile Include="YUV_space.cpp">
      <Filter>Source Files</Filter>
    </ClCompile>
    <ClCompile Include="Equal_His.cpp">
      <Filter>Source Files</Filter>
    </ClCompile>
    <ClCompile Include="MedianFilter.cpp">
      <Filter>Source Files</Filter>
    </ClCompile>
    <ClCompile Include="MeanFilter.cpp">
      <Filter>Source Files</Filter>
    </ClCompile>
    <ClCompile Include="Sobel_Filter.cpp">
      <Filter>Source Files</Filter>
    </ClCompile>
    <ClCompile Include="Canny_Filter.cpp">
      <Filter>Source Files</Filter>
    </ClCompile>
    <ClCompile Include="DCT_Transform.cpp">
      <Filter>Source Files</Filter>
    </ClCompile>
    <ClCompile Include="Gaussian_Filter.cpp">
      <Filter>Source Files</Filter>
    </ClCompile>
    <ClCompile Include="USM.cpp">
      <Filter>Source Files</Filter>
    </ClCompile>
    <ClCompile Include="Segmentation.cpp">
      <Filter>Source Files</Filter>
    </ClCompile>
    <ClCompile Include="Remove_Drawing.cpp">
      <Filter>Source Files</Filter>
    </ClCompile>
    <ClCompile Include="Serial_Detection.cpp">
      <Filter>Source Files</Filter>
    </ClCompile>
    <ClCompile Include="Anomaly.cpp">
      <Filter>Source Files</Filter>
    </ClCompile>
    <ClCompile Include="Rotated_Img_Processing.cpp">
      <Filter>Source Files</Filter>
    </ClCompile>
    <ClCompile Include="Two_Same_Images.cpp">
      <Filter>Source Files</Filter>
    </ClCompile>
    <ClCompile Include="Different_Images.cpp">
      <Filter>Source Files</Filter>
    </ClCompile>
    <ClCompile Include="Serial_Different_Processing.cpp">
      <Filter>Source Files</Filter>
    </ClCompile>
  </ItemGroup>
  <ItemGroup>
    <ClInclude Include="Channels.h">
      <Filter>Header Files</Filter>
    </ClInclude>
    <ClInclude Include="YUV_space.h">
      <Filter>Header Files</Filter>
    </ClInclude>
    <ClInclude Include="Equal_His.h">
      <Filter>Header Files</Filter>
    </ClInclude>
    <ClInclude Include="MedianFilter.h">
      <Filter>Header Files</Filter>
    </ClInclude>
    <ClInclude Include="MeanFilter.h">
      <Filter>Header Files</Filter>
    </ClInclude>
    <ClInclude Include="Sobel_Filter.h">
      <Filter>Header Files</Filter>
    </ClInclude>
    <ClInclude Include="Canny_Filter.h">
      <Filter>Header Files</Filter>
    </ClInclude>
    <ClInclude Include="DCT_Transform.h">
      <Filter>Header Files</Filter>
    </ClInclude>
    <ClInclude Include="Gaussian_Filter.h">
      <Filter>Header Files</Filter>
    </ClInclude>
    <ClInclude Include="USM.h">
      <Filter>Header Files</Filter>
    </ClInclude>
    <ClInclude Include="Segmentation.h">
      <Filter>Header Files</Filter>
    </ClInclude>
    <ClInclude Include="Remove_Drawing.h">
      <Filter>Header Files</Filter>
    </ClInclude>
    <ClInclude Include="Serial_Detection.h">
      <Filter>Header Files</Filter>
    </ClInclude>
    <ClInclude Include="Anomaly.h">
      <Filter>Header Files</Filter>
    </ClInclude>
    <ClInclude Include="Rotated_img_Processing.h">
      <Filter>Header Files</Filter>
    </ClInclude>
    <ClInclude Include="Two_Same_Images.h">
      <Filter>Header Files</Filter>
    </ClInclude>
    <ClInclude Include="Different_Images.h">
      <Filter>Header Files</Filter>
    </ClInclude>
    <ClInclude Include="Serial_Different_Processing.h">
      <Filter>Header Files</Filter>
    </ClInclude>
  </ItemGroup>
</Project>